
Microsoft Visual Studio Solution File, Format Version 12.00
# Visual Studio Version 16
VisualStudioVersion = 16.0.29411.108
MinimumVisualStudioVersion = 10.0.40219.1
Project("{FAE04EC0-301F-11D3-BF4B-00C04F79EFBC}") = "StateMachine", "StateMachine\StateMachine.csproj", "{5BF40B5B-AFE7-4ED4-8D72-124CD7A0297C}"
EndProject
Project("{FAE04EC0-301F-11D3-BF4B-00C04F79EFBC}") = "StateMachineLibrary", "StateMachineLibrary\StateMachineLibrary.csproj", "{ABC128D9-135C-4491-9062-7D0BC2DA3A96}"
EndProject
Global
	GlobalSection(SolutionConfigurationPlatforms) = preSolution
		Debug|Any CPU = Debug|Any CPU
		Release|Any CPU = Release|Any CPU
	EndGlobalSection
	GlobalSection(ProjectConfigurationPlatforms) = postSolution
		{5BF40B5B-AFE7-4ED4-8D72-124CD7A0297C}.Debug|Any CPU.ActiveCfg = Debug|Any CPU
		{5BF40B5B-AFE7-4ED4-8D72-124CD7A0297C}.Debug|Any CPU.Build.0 = Debug|Any CPU
		{5BF40B5B-AFE7-4ED4-8D72-124CD7A0297C}.Release|Any CPU.ActiveCfg = Release|Any CPU
		{5BF40B5B-AFE7-4ED4-8D72-124CD7A0297C}.Release|Any CPU.Build.0 = Release|Any CPU
		{ABC128D9-135C-4491-9062-7D0BC2DA3A96}.Debug|Any CPU.ActiveCfg = Debug|Any CPU
		{ABC128D9-135C-4491-9062-7D0BC2DA3A96}.Debug|Any CPU.Build.0 = Debug|Any CPU
		{ABC128D9-135C-4491-9062-7D0BC2DA3A96}.Release|Any CPU.ActiveCfg = Release|Any CPU
		{ABC128D9-135C-4491-9062-7D0BC2DA3A96}.Release|Any CPU.Build.0 = Release|Any CPU
	EndGlobalSection
	GlobalSection(SolutionProperties) = preSolution
		HideSolutionNode = FALSE
	EndGlobalSection
	GlobalSection(ExtensibilityGlobals) = postSolution
		SolutionGuid = {2606A918-0F85-4F2B-A1FD-D1274BEE5A3F}
	EndGlobalSection
EndGlobal
